
Microsoft Visual Studio Solution File, Format Version 12.00
# Visual Studio Version 17
VisualStudioVersion = 17.10.35122.118
MinimumVisualStudioVersion = 10.0.40219.1
Project("{FAE04EC0-301F-11D3-BF4B-00C04F79EFBC}") = "ProjectFinal - MVC", "ProjectFinal - MVC\ProjectFinal - MVC.csproj", "{993CFD30-A909-49F8-9702-552C6E48FA78}"
EndProject
Global
	GlobalSection(SolutionConfigurationPlatforms) = preSolution
		Debug|Any CPU = Debug|Any CPU
		Release|Any CPU = Release|Any CPU
	EndGlobalSection
	GlobalSection(ProjectConfigurationPlatforms) = postSolution
		{993CFD30-A909-49F8-9702-552C6E48FA78}.Debug|Any CPU.ActiveCfg = Debug|Any CPU
		{993CFD30-A909-49F8-9702-552C6E48FA78}.Debug|Any CPU.Build.0 = Debug|Any CPU
		{993CFD30-A909-49F8-9702-552C6E48FA78}.Release|Any CPU.ActiveCfg = Release|Any CPU
		{993CFD30-A909-49F8-9702-552C6E48FA78}.Release|Any CPU.Build.0 = Release|Any CPU
	EndGlobalSection
	GlobalSection(SolutionProperties) = preSolution
		HideSolutionNode = FALSE
	EndGlobalSection
	GlobalSection(ExtensibilityGlobals) = postSolution
		SolutionGuid = {73AAC9AB-31CE-4FBE-902C-A1A5876B633F}
	EndGlobalSection
EndGlobal
